// !$*UTF8*$!
{
	archiveVersion = 1;
	classes = {
	};
	objectVersion = 56;
	objects = {

/* Begin PBXBuildFile section */
		050EADE62C42FF7F00C949A6 /* EyeMask.swift in Sources */ = {isa = PBXBuildFile; fileRef = 050EADE52C42FF7F00C949A6 /* EyeMask.swift */; };
		0513AE582D18ACB7009BA031 /* TrackerView.swift in Sources */ = {isa = PBXBuildFile; fileRef = 0513AE572D18ACB7009BA031 /* TrackerView.swift */; };
		053F2FDF2C42ECD1007A9BF5 /* InsightApp.swift in Sources */ = {isa = PBXBuildFile; fileRef = 053F2FDE2C42ECD1007A9BF5 /* InsightApp.swift */; };
		053F2FE12C42ECD1007A9BF5 /* ContentView.swift in Sources */ = {isa = PBXBuildFile; fileRef = 053F2FE02C42ECD1007A9BF5 /* ContentView.swift */; };
		053F2FE32C42ECD2007A9BF5 /* Assets.xcassets in Resources */ = {isa = PBXBuildFile; fileRef = 053F2FE22C42ECD2007A9BF5 /* Assets.xcassets */; };
		053F2FE62C42ECD2007A9BF5 /* Preview Assets.xcassets in Resources */ = {isa = PBXBuildFile; fileRef = 053F2FE52C42ECD2007A9BF5 /* Preview Assets.xcassets */; };
		053F2FED2C42ED1C007A9BF5 /* FrameHandler.swift in Sources */ = {isa = PBXBuildFile; fileRef = 053F2FEC2C42ED1C007A9BF5 /* FrameHandler.swift */; };
		053F2FEF2C42ED41007A9BF5 /* HeaderView.swift in Sources */ = {isa = PBXBuildFile; fileRef = 053F2FEE2C42ED41007A9BF5 /* HeaderView.swift */; };
		053F2FF32C42ED92007A9BF5 /* FooterView.swift in Sources */ = {isa = PBXBuildFile; fileRef = 053F2FF22C42ED92007A9BF5 /* FooterView.swift */; };
		053F2FF92C42F1BB007A9BF5 /* CameraView.swift in Sources */ = {isa = PBXBuildFile; fileRef = 053F2FF82C42F1BB007A9BF5 /* CameraView.swift */; };
		053F664D2D3AEDE1008380E9 /* MemoryAssessmentView.swift in Sources */ = {isa = PBXBuildFile; fileRef = 053F664C2D3AEDE1008380E9 /* MemoryAssessmentView.swift */; };
		053F66512D3AF1B8008380E9 /* NeuroScreenResultView.swift in Sources */ = {isa = PBXBuildFile; fileRef = 053F66502D3AF1B8008380E9 /* NeuroScreenResultView.swift */; };
		053F66532D3AF66C008380E9 /* NeuroScreenResults.swift in Sources */ = {isa = PBXBuildFile; fileRef = 053F66522D3AF66C008380E9 /* NeuroScreenResults.swift */; };
		058D009F2D4C035E00E53342 /* VideoTestResults.swift in Sources */ = {isa = PBXBuildFile; fileRef = 058D009E2D4C035E00E53342 /* VideoTestResults.swift */; };
		058D00A12D4C0AE600E53342 /* CombinedResultsView.swift in Sources */ = {isa = PBXBuildFile; fileRef = 058D00A02D4C0AE600E53342 /* CombinedResultsView.swift */; };
		05A648472CACDAAD00ABF8F6 /* VideoPlayer.swift in Sources */ = {isa = PBXBuildFile; fileRef = 05A648462CACDAAD00ABF8F6 /* VideoPlayer.swift */; };
		05A648492CACDADF00ABF8F6 /* OutputView.swift in Sources */ = {isa = PBXBuildFile; fileRef = 05A648482CACDADF00ABF8F6 /* OutputView.swift */; };
		05A742082CA254CE00C5FEC2 /* LoadingView.swift in Sources */ = {isa = PBXBuildFile; fileRef = 05A742072CA254CE00C5FEC2 /* LoadingView.swift */; };
		05B67FCD2D3A0598003B8C02 /* ScatHeaderView.swift in Sources */ = {isa = PBXBuildFile; fileRef = 05B67FCC2D3A0598003B8C02 /* ScatHeaderView.swift */; };
		05B67FCF2D3A06B9003B8C02 /* ScrollableQuestionsView.swift in Sources */ = {isa = PBXBuildFile; fileRef = 05B67FCE2D3A06B9003B8C02 /* ScrollableQuestionsView.swift */; };
		05B67FD72D3A0A92003B8C02 /* GlasgowComaScaleView.swift in Sources */ = {isa = PBXBuildFile; fileRef = 05B67FD62D3A0A92003B8C02 /* GlasgowComaScaleView.swift */; };
		05B67FDD2D3A0AFF003B8C02 /* PrimaryButton1.swift in Sources */ = {isa = PBXBuildFile; fileRef = 05B67FDC2D3A0AFF003B8C02 /* PrimaryButton1.swift */; };
		05B67FDF2D3A1C29003B8C02 /* SingleSelectResponseSection.swift in Sources */ = {isa = PBXBuildFile; fileRef = 05B67FDE2D3A1C29003B8C02 /* SingleSelectResponseSection.swift */; };
		05B67FE12D3ADD21003B8C02 /* CervicalSpineAssessmentView.swift in Sources */ = {isa = PBXBuildFile; fileRef = 05B67FE02D3ADD21003B8C02 /* CervicalSpineAssessmentView.swift */; };
		05B67FE32D3AE1BA003B8C02 /* MotorScreenView.swift in Sources */ = {isa = PBXBuildFile; fileRef = 05B67FE22D3AE1BA003B8C02 /* MotorScreenView.swift */; };
		05B67FE72D3AE63A003B8C02 /* SectionContainer.swift in Sources */ = {isa = PBXBuildFile; fileRef = 05B67FE62D3AE63A003B8C02 /* SectionContainer.swift */; };
		05C2ECB42CB999EF0086C260 /* SCAT6View.swift in Sources */ = {isa = PBXBuildFile; fileRef = 05C2ECB32CB999EF0086C260 /* SCAT6View.swift */; };
		05C2ECB62CB9DC0C0086C260 /* CaptureView.swift in Sources */ = {isa = PBXBuildFile; fileRef = 05C2ECB52CB9DC0C0086C260 /* CaptureView.swift */; };
		05D2B11C2D4EC9D8009C81DF /* VideoPlayerView.swift in Sources */ = {isa = PBXBuildFile; fileRef = 05D2B11B2D4EC9D8009C81DF /* VideoPlayerView.swift */; };
		05D2B11E2D4ECAF1009C81DF /* ImageView.swift in Sources */ = {isa = PBXBuildFile; fileRef = 05D2B11D2D4ECAF1009C81DF /* ImageView.swift */; };
		05DFAFDE2D389A3C0097753B /* TrackerView_1.swift in Sources */ = {isa = PBXBuildFile; fileRef = 05DFAFDD2D389A3C0097753B /* TrackerView_1.swift */; };
		05DFAFE52D39F0650097753B /* ObservableSignsView.swift in Sources */ = {isa = PBXBuildFile; fileRef = 05DFAFE42D39F0650097753B /* ObservableSignsView.swift */; };
		05DFAFE82D39FEB50097753B /* QuestionToggleView.swift in Sources */ = {isa = PBXBuildFile; fileRef = 05DFAFE72D39FEB50097753B /* QuestionToggleView.swift */; };
		05E63DE32D48003F002520EA /* TestMenuView.swift in Sources */ = {isa = PBXBuildFile; fileRef = 05E63DE22D48003F002520EA /* TestMenuView.swift */; };
		05F110422C990245007B16A0 /* PlaybackView.swift in Sources */ = {isa = PBXBuildFile; fileRef = 05F110412C990245007B16A0 /* PlaybackView.swift */; };
		05F110452C9906C1007B16A0 /* ContentViewModel.swift in Sources */ = {isa = PBXBuildFile; fileRef = 05F110442C9906C1007B16A0 /* ContentViewModel.swift */; };
/* End PBXBuildFile section */

/* Begin PBXFileReference section */
		050EADE52C42FF7F00C949A6 /* EyeMask.swift */ = {isa = PBXFileReference; lastKnownFileType = sourcecode.swift; path = EyeMask.swift; sourceTree = "<group>"; };
		0513AE572D18ACB7009BA031 /* TrackerView.swift */ = {isa = PBXFileReference; lastKnownFileType = sourcecode.swift; path = TrackerView.swift; sourceTree = "<group>"; };
		053F2FDB2C42ECD1007A9BF5 /* Insight.app */ = {isa = PBXFileReference; explicitFileType = wrapper.application; includeInIndex = 0; path = Insight.app; sourceTree = BUILT_PRODUCTS_DIR; };
		053F2FDE2C42ECD1007A9BF5 /* InsightApp.swift */ = {isa = PBXFileReference; lastKnownFileType = sourcecode.swift; path = InsightApp.swift; sourceTree = "<group>"; };
		053F2FE02C42ECD1007A9BF5 /* ContentView.swift */ = {isa = PBXFileReference; lastKnownFileType = sourcecode.swift; path = ContentView.swift; sourceTree = "<group>"; };
		053F2FE22C42ECD2007A9BF5 /* Assets.xcassets */ = {isa = PBXFileReference; lastKnownFileType = folder.assetcatalog; path = Assets.xcassets; sourceTree = "<group>"; };
		053F2FE52C42ECD2007A9BF5 /* Preview Assets.xcassets */ = {isa = PBXFileReference; lastKnownFileType = folder.assetcatalog; path = "Preview Assets.xcassets"; sourceTree = "<group>"; };
		053F2FEC2C42ED1C007A9BF5 /* FrameHandler.swift */ = {isa = PBXFileReference; lastKnownFileType = sourcecode.swift; path = FrameHandler.swift; sourceTree = "<group>"; };
		053F2FEE2C42ED41007A9BF5 /* HeaderView.swift */ = {isa = PBXFileReference; lastKnownFileType = sourcecode.swift; path = HeaderView.swift; sourceTree = "<group>"; };
		053F2FF22C42ED92007A9BF5 /* FooterView.swift */ = {isa = PBXFileReference; lastKnownFileType = sourcecode.swift; path = FooterView.swift; sourceTree = "<group>"; };
		053F2FF82C42F1BB007A9BF5 /* CameraView.swift */ = {isa = PBXFileReference; lastKnownFileType = sourcecode.swift; path = CameraView.swift; sourceTree = "<group>"; };
		053F664C2D3AEDE1008380E9 /* MemoryAssessmentView.swift */ = {isa = PBXFileReference; lastKnownFileType = sourcecode.swift; path = MemoryAssessmentView.swift; sourceTree = "<group>"; };
		053F66502D3AF1B8008380E9 /* NeuroScreenResultView.swift */ = {isa = PBXFileReference; lastKnownFileType = sourcecode.swift; path = NeuroScreenResultView.swift; sourceTree = "<group>"; };
		053F66522D3AF66C008380E9 /* NeuroScreenResults.swift */ = {isa = PBXFileReference; lastKnownFileType = sourcecode.swift; path = NeuroScreenResults.swift; sourceTree = "<group>"; };
		058D009E2D4C035E00E53342 /* VideoTestResults.swift */ = {isa = PBXFileReference; lastKnownFileType = sourcecode.swift; path = VideoTestResults.swift; sourceTree = "<group>"; };
		058D00A02D4C0AE600E53342 /* CombinedResultsView.swift */ = {isa = PBXFileReference; lastKnownFileType = sourcecode.swift; path = CombinedResultsView.swift; sourceTree = "<group>"; };
		059A88712CD6F0D800CA9C2E /* Info.plist */ = {isa = PBXFileReference; lastKnownFileType = text.plist.xml; path = Info.plist; sourceTree = "<group>"; };
		05A648462CACDAAD00ABF8F6 /* VideoPlayer.swift */ = {isa = PBXFileReference; lastKnownFileType = sourcecode.swift; path = VideoPlayer.swift; sourceTree = "<group>"; };
		05A648482CACDADF00ABF8F6 /* OutputView.swift */ = {isa = PBXFileReference; lastKnownFileType = sourcecode.swift; path = OutputView.swift; sourceTree = "<group>"; };
		05A742072CA254CE00C5FEC2 /* LoadingView.swift */ = {isa = PBXFileReference; lastKnownFileType = sourcecode.swift; path = LoadingView.swift; sourceTree = "<group>"; };
		05B67FCC2D3A0598003B8C02 /* ScatHeaderView.swift */ = {isa = PBXFileReference; lastKnownFileType = sourcecode.swift; path = ScatHeaderView.swift; sourceTree = "<group>"; };
		05B67FCE2D3A06B9003B8C02 /* ScrollableQuestionsView.swift */ = {isa = PBXFileReference; lastKnownFileType = sourcecode.swift; path = ScrollableQuestionsView.swift; sourceTree = "<group>"; };
		05B67FD62D3A0A92003B8C02 /* GlasgowComaScaleView.swift */ = {isa = PBXFileReference; lastKnownFileType = sourcecode.swift; path = GlasgowComaScaleView.swift; sourceTree = "<group>"; };
		05B67FDC2D3A0AFF003B8C02 /* PrimaryButton1.swift */ = {isa = PBXFileReference; lastKnownFileType = sourcecode.swift; path = PrimaryButton1.swift; sourceTree = "<group>"; };
		05B67FDE2D3A1C29003B8C02 /* SingleSelectResponseSection.swift */ = {isa = PBXFileReference; lastKnownFileType = sourcecode.swift; path = SingleSelectResponseSection.swift; sourceTree = "<group>"; };
		05B67FE02D3ADD21003B8C02 /* CervicalSpineAssessmentView.swift */ = {isa = PBXFileReference; lastKnownFileType = sourcecode.swift; path = CervicalSpineAssessmentView.swift; sourceTree = "<group>"; };
		05B67FE22D3AE1BA003B8C02 /* MotorScreenView.swift */ = {isa = PBXFileReference; lastKnownFileType = sourcecode.swift; path = MotorScreenView.swift; sourceTree = "<group>"; };
		05B67FE62D3AE63A003B8C02 /* SectionContainer.swift */ = {isa = PBXFileReference; lastKnownFileType = sourcecode.swift; path = SectionContainer.swift; sourceTree = "<group>"; };
		05C2ECB32CB999EF0086C260 /* SCAT6View.swift */ = {isa = PBXFileReference; lastKnownFileType = sourcecode.swift; path = SCAT6View.swift; sourceTree = "<group>"; };
		05C2ECB52CB9DC0C0086C260 /* CaptureView.swift */ = {isa = PBXFileReference; lastKnownFileType = sourcecode.swift; path = CaptureView.swift; sourceTree = "<group>"; };
		05D2B11B2D4EC9D8009C81DF /* VideoPlayerView.swift */ = {isa = PBXFileReference; lastKnownFileType = sourcecode.swift; path = VideoPlayerView.swift; sourceTree = "<group>"; };
		05D2B11D2D4ECAF1009C81DF /* ImageView.swift */ = {isa = PBXFileReference; lastKnownFileType = sourcecode.swift; path = ImageView.swift; sourceTree = "<group>"; };
		05DFAFDD2D389A3C0097753B /* TrackerView_1.swift */ = {isa = PBXFileReference; lastKnownFileType = sourcecode.swift; path = TrackerView_1.swift; sourceTree = "<group>"; };
		05DFAFE42D39F0650097753B /* ObservableSignsView.swift */ = {isa = PBXFileReference; lastKnownFileType = sourcecode.swift; path = ObservableSignsView.swift; sourceTree = "<group>"; };
		05DFAFE72D39FEB50097753B /* QuestionToggleView.swift */ = {isa = PBXFileReference; lastKnownFileType = sourcecode.swift; path = QuestionToggleView.swift; sourceTree = "<group>"; };
		05E63DE22D48003F002520EA /* TestMenuView.swift */ = {isa = PBXFileReference; lastKnownFileType = sourcecode.swift; path = TestMenuView.swift; sourceTree = "<group>"; };
		05F110412C990245007B16A0 /* PlaybackView.swift */ = {isa = PBXFileReference; lastKnownFileType = sourcecode.swift; path = PlaybackView.swift; sourceTree = "<group>"; };
		05F110442C9906C1007B16A0 /* ContentViewModel.swift */ = {isa = PBXFileReference; lastKnownFileType = sourcecode.swift; path = ContentViewModel.swift; sourceTree = "<group>"; };
/* End PBXFileReference section */

/* Begin PBXFrameworksBuildPhase section */
		053F2FD82C42ECD1007A9BF5 /* Frameworks */ = {
			isa = PBXFrameworksBuildPhase;
			buildActionMask = 2147483647;
			files = (
			);
			runOnlyForDeploymentPostprocessing = 0;
		};
/* End PBXFrameworksBuildPhase section */

/* Begin PBXGroup section */
		053F2FD22C42ECD1007A9BF5 = {
			isa = PBXGroup;
			children = (
				053F2FDD2C42ECD1007A9BF5 /* Insight */,
				053F2FDC2C42ECD1007A9BF5 /* Products */,
			);
			sourceTree = "<group>";
		};
		053F2FDC2C42ECD1007A9BF5 /* Products */ = {
			isa = PBXGroup;
			children = (
				053F2FDB2C42ECD1007A9BF5 /* Insight.app */,
			);
			name = Products;
			sourceTree = "<group>";
		};
		053F2FDD2C42ECD1007A9BF5 /* Insight */ = {
			isa = PBXGroup;
			children = (
				059A88712CD6F0D800CA9C2E /* Info.plist */,
				053F2FDE2C42ECD1007A9BF5 /* InsightApp.swift */,
				053F2FE02C42ECD1007A9BF5 /* ContentView.swift */,
				05E63DE22D48003F002520EA /* TestMenuView.swift */,
				05F110442C9906C1007B16A0 /* ContentViewModel.swift */,
				053F2FEC2C42ED1C007A9BF5 /* FrameHandler.swift */,
				05C2ECB52CB9DC0C0086C260 /* CaptureView.swift */,
				053F2FF82C42F1BB007A9BF5 /* CameraView.swift */,
				05F110412C990245007B16A0 /* PlaybackView.swift */,
				05A648482CACDADF00ABF8F6 /* OutputView.swift */,
				05D2B11B2D4EC9D8009C81DF /* VideoPlayerView.swift */,
				05D2B11D2D4ECAF1009C81DF /* ImageView.swift */,
				05A648462CACDAAD00ABF8F6 /* VideoPlayer.swift */,
				0513AE572D18ACB7009BA031 /* TrackerView.swift */,
				058D00A02D4C0AE600E53342 /* CombinedResultsView.swift */,
				05DFAFDD2D389A3C0097753B /* TrackerView_1.swift */,
				050EADE52C42FF7F00C949A6 /* EyeMask.swift */,
				058D009E2D4C035E00E53342 /* VideoTestResults.swift */,
				053F2FEE2C42ED41007A9BF5 /* HeaderView.swift */,
				053F2FF22C42ED92007A9BF5 /* FooterView.swift */,
				05A742072CA254CE00C5FEC2 /* LoadingView.swift */,
				05DFAFE32D39E58E0097753B /* SCAT-6 */,
				053F2FE22C42ECD2007A9BF5 /* Assets.xcassets */,
				053F2FE42C42ECD2007A9BF5 /* Preview Content */,
			);
			path = Insight;
			sourceTree = "<group>";
		};
		053F2FE42C42ECD2007A9BF5 /* Preview Content */ = {
			isa = PBXGroup;
			children = (
				053F2FE52C42ECD2007A9BF5 /* Preview Assets.xcassets */,
			);
			path = "Preview Content";
			sourceTree = "<group>";
		};
		05C59FB52D49AE450044326F /* Utils */ = {
			isa = PBXGroup;
			children = (
				05B67FDC2D3A0AFF003B8C02 /* PrimaryButton1.swift */,
				05B67FE62D3AE63A003B8C02 /* SectionContainer.swift */,
				05B67FCE2D3A06B9003B8C02 /* ScrollableQuestionsView.swift */,
				05DFAFE72D39FEB50097753B /* QuestionToggleView.swift */,
				05B67FCC2D3A0598003B8C02 /* ScatHeaderView.swift */,
				05B67FDE2D3A1C29003B8C02 /* SingleSelectResponseSection.swift */,
			);
			path = Utils;
			sourceTree = "<group>";
		};
		05DFAFE32D39E58E0097753B /* SCAT-6 */ = {
			isa = PBXGroup;
			children = (
				05DFAFE62D39F0700097753B /* Neuro_Screen */,
				05C59FB52D49AE450044326F /* Utils */,
				05C2ECB32CB999EF0086C260 /* SCAT6View.swift */,
			);
			path = "SCAT-6";
			sourceTree = "<group>";
		};
		05DFAFE62D39F0700097753B /* Neuro_Screen */ = {
			isa = PBXGroup;
			children = (
				05DFAFE42D39F0650097753B /* ObservableSignsView.swift */,
				05B67FD62D3A0A92003B8C02 /* GlasgowComaScaleView.swift */,
				05B67FE02D3ADD21003B8C02 /* CervicalSpineAssessmentView.swift */,
				05B67FE22D3AE1BA003B8C02 /* MotorScreenView.swift */,
				053F664C2D3AEDE1008380E9 /* MemoryAssessmentView.swift */,
				053F66502D3AF1B8008380E9 /* NeuroScreenResultView.swift */,
				053F66522D3AF66C008380E9 /* NeuroScreenResults.swift */,
			);
			path = Neuro_Screen;
			sourceTree = "<group>";
		};
/* End PBXGroup section */

/* Begin PBXNativeTarget section */
		053F2FDA2C42ECD1007A9BF5 /* Insight */ = {
			isa = PBXNativeTarget;
			buildConfigurationList = 053F2FE92C42ECD2007A9BF5 /* Build configuration list for PBXNativeTarget "Insight" */;
			buildPhases = (
				053F2FD72C42ECD1007A9BF5 /* Sources */,
				053F2FD82C42ECD1007A9BF5 /* Frameworks */,
				053F2FD92C42ECD1007A9BF5 /* Resources */,
			);
			buildRules = (
			);
			dependencies = (
			);
			name = Insight;
			productName = Insight;
			productReference = 053F2FDB2C42ECD1007A9BF5 /* Insight.app */;
			productType = "com.apple.product-type.application";
		};
/* End PBXNativeTarget section */

/* Begin PBXProject section */
		053F2FD32C42ECD1007A9BF5 /* Project object */ = {
			isa = PBXProject;
			attributes = {
				BuildIndependentTargetsInParallel = 1;
				LastSwiftUpdateCheck = 1540;
				LastUpgradeCheck = 1540;
				TargetAttributes = {
					053F2FDA2C42ECD1007A9BF5 = {
						CreatedOnToolsVersion = 15.4;
					};
				};
			};
			buildConfigurationList = 053F2FD62C42ECD1007A9BF5 /* Build configuration list for PBXProject "Insight" */;
			compatibilityVersion = "Xcode 14.0";
			developmentRegion = en;
			hasScannedForEncodings = 0;
			knownRegions = (
				en,
				Base,
			);
			mainGroup = 053F2FD22C42ECD1007A9BF5;
			productRefGroup = 053F2FDC2C42ECD1007A9BF5 /* Products */;
			projectDirPath = "";
			projectRoot = "";
			targets = (
				053F2FDA2C42ECD1007A9BF5 /* Insight */,
			);
		};
/* End PBXProject section */

/* Begin PBXResourcesBuildPhase section */
		053F2FD92C42ECD1007A9BF5 /* Resources */ = {
			isa = PBXResourcesBuildPhase;
			buildActionMask = 2147483647;
			files = (
				053F2FE62C42ECD2007A9BF5 /* Preview Assets.xcassets in Resources */,
				053F2FE32C42ECD2007A9BF5 /* Assets.xcassets in Resources */,
			);
			runOnlyForDeploymentPostprocessing = 0;
		};
/* End PBXResourcesBuildPhase section */

/* Begin PBXSourcesBuildPhase section */
		053F2FD72C42ECD1007A9BF5 /* Sources */ = {
			isa = PBXSourcesBuildPhase;
			buildActionMask = 2147483647;
			files = (
				05C2ECB42CB999EF0086C260 /* SCAT6View.swift in Sources */,
				05B67FCD2D3A0598003B8C02 /* ScatHeaderView.swift in Sources */,
				058D00A12D4C0AE600E53342 /* CombinedResultsView.swift in Sources */,
				050EADE62C42FF7F00C949A6 /* EyeMask.swift in Sources */,
				058D009F2D4C035E00E53342 /* VideoTestResults.swift in Sources */,
				053F2FF92C42F1BB007A9BF5 /* CameraView.swift in Sources */,
				05DFAFE82D39FEB50097753B /* QuestionToggleView.swift in Sources */,
				05DFAFDE2D389A3C0097753B /* TrackerView_1.swift in Sources */,
				05B67FDF2D3A1C29003B8C02 /* SingleSelectResponseSection.swift in Sources */,
				053F2FE12C42ECD1007A9BF5 /* ContentView.swift in Sources */,
				05A742082CA254CE00C5FEC2 /* LoadingView.swift in Sources */,
				05A648492CACDADF00ABF8F6 /* OutputView.swift in Sources */,
				05B67FCF2D3A06B9003B8C02 /* ScrollableQuestionsView.swift in Sources */,
				05B67FE72D3AE63A003B8C02 /* SectionContainer.swift in Sources */,
				05D2B11C2D4EC9D8009C81DF /* VideoPlayerView.swift in Sources */,
				053F664D2D3AEDE1008380E9 /* MemoryAssessmentView.swift in Sources */,
				053F66512D3AF1B8008380E9 /* NeuroScreenResultView.swift in Sources */,
				053F2FDF2C42ECD1007A9BF5 /* InsightApp.swift in Sources */,
				05DFAFE52D39F0650097753B /* ObservableSignsView.swift in Sources */,
				053F66532D3AF66C008380E9 /* NeuroScreenResults.swift in Sources */,
				05D2B11E2D4ECAF1009C81DF /* ImageView.swift in Sources */,
				053F2FED2C42ED1C007A9BF5 /* FrameHandler.swift in Sources */,
				05F110452C9906C1007B16A0 /* ContentViewModel.swift in Sources */,
				0513AE582D18ACB7009BA031 /* TrackerView.swift in Sources */,
				053F2FF32C42ED92007A9BF5 /* FooterView.swift in Sources */,
				05B67FD72D3A0A92003B8C02 /* GlasgowComaScaleView.swift in Sources */,
				05C2ECB62CB9DC0C0086C260 /* CaptureView.swift in Sources */,
				053F2FEF2C42ED41007A9BF5 /* HeaderView.swift in Sources */,
				05B67FE32D3AE1BA003B8C02 /* MotorScreenView.swift in Sources */,
				05E63DE32D48003F002520EA /* TestMenuView.swift in Sources */,
				05F110422C990245007B16A0 /* PlaybackView.swift in Sources */,
				05A648472CACDAAD00ABF8F6 /* VideoPlayer.swift in Sources */,
				05B67FDD2D3A0AFF003B8C02 /* PrimaryButton1.swift in Sources */,
				05B67FE12D3ADD21003B8C02 /* CervicalSpineAssessmentView.swift in Sources */,
			);
			runOnlyForDeploymentPostprocessing = 0;
		};
/* End PBXSourcesBuildPhase section */

/* Begin XCBuildConfiguration section */
		053F2FE72C42ECD2007A9BF5 /* Debug */ = {
			isa = XCBuildConfiguration;
			buildSettings = {
				ALWAYS_SEARCH_USER_PATHS = NO;
				ASSETCATALOG_COMPILER_GENERATE_SWIFT_ASSET_SYMBOL_EXTENSIONS = YES;
				CLANG_ANALYZER_NONNULL = YES;
				CLANG_ANALYZER_NUMBER_OBJECT_CONVERSION = YES_AGGRESSIVE;
				CLANG_CXX_LANGUAGE_STANDARD = "gnu++20";
				CLANG_ENABLE_MODULES = YES;
				CLANG_ENABLE_OBJC_ARC = YES;
				CLANG_ENABLE_OBJC_WEAK = YES;
				CLANG_WARN_BLOCK_CAPTURE_AUTORELEASING = YES;
				CLANG_WARN_BOOL_CONVERSION = YES;
				CLANG_WARN_COMMA = YES;
				CLANG_WARN_CONSTANT_CONVERSION = YES;
				CLANG_WARN_DEPRECATED_OBJC_IMPLEMENTATIONS = YES;
				CLANG_WARN_DIRECT_OBJC_ISA_USAGE = YES_ERROR;
				CLANG_WARN_DOCUMENTATION_COMMENTS = YES;
				CLANG_WARN_EMPTY_BODY = YES;
				CLANG_WARN_ENUM_CONVERSION = YES;
				CLANG_WARN_INFINITE_RECURSION = YES;
				CLANG_WARN_INT_CONVERSION = YES;
				CLANG_WARN_NON_LITERAL_NULL_CONVERSION = YES;
				CLANG_WARN_OBJC_IMPLICIT_RETAIN_SELF = YES;
				CLANG_WARN_OBJC_LITERAL_CONVERSION = YES;
				CLANG_WARN_OBJC_ROOT_CLASS = YES_ERROR;
				CLANG_WARN_QUOTED_INCLUDE_IN_FRAMEWORK_HEADER = YES;
				CLANG_WARN_RANGE_LOOP_ANALYSIS = YES;
				CLANG_WARN_STRICT_PROTOTYPES = YES;
				CLANG_WARN_SUSPICIOUS_MOVE = YES;
				CLANG_WARN_UNGUARDED_AVAILABILITY = YES_AGGRESSIVE;
				CLANG_WARN_UNREACHABLE_CODE = YES;
				CLANG_WARN__DUPLICATE_METHOD_MATCH = YES;
				COPY_PHASE_STRIP = NO;
				DEBUG_INFORMATION_FORMAT = dwarf;
				ENABLE_STRICT_OBJC_MSGSEND = YES;
				ENABLE_TESTABILITY = YES;
				ENABLE_USER_SCRIPT_SANDBOXING = YES;
				GCC_C_LANGUAGE_STANDARD = gnu17;
				GCC_DYNAMIC_NO_PIC = NO;
				GCC_NO_COMMON_BLOCKS = YES;
				GCC_OPTIMIZATION_LEVEL = 0;
				GCC_PREPROCESSOR_DEFINITIONS = (
					"DEBUG=1",
					"$(inherited)",
				);
				GCC_WARN_64_TO_32_BIT_CONVERSION = YES;
				GCC_WARN_ABOUT_RETURN_TYPE = YES_ERROR;
				GCC_WARN_UNDECLARED_SELECTOR = YES;
				GCC_WARN_UNINITIALIZED_AUTOS = YES_AGGRESSIVE;
				GCC_WARN_UNUSED_FUNCTION = YES;
				GCC_WARN_UNUSED_VARIABLE = YES;
				IPHONEOS_DEPLOYMENT_TARGET = 17.5;
				LOCALIZATION_PREFERS_STRING_CATALOGS = YES;
				MTL_ENABLE_DEBUG_INFO = INCLUDE_SOURCE;
				MTL_FAST_MATH = YES;
				ONLY_ACTIVE_ARCH = YES;
				SDKROOT = iphoneos;
				SWIFT_ACTIVE_COMPILATION_CONDITIONS = "DEBUG $(inherited)";
				SWIFT_OPTIMIZATION_LEVEL = "-Onone";
			};
			name = Debug;
		};
		053F2FE82C42ECD2007A9BF5 /* Release */ = {
			isa = XCBuildConfiguration;
			buildSettings = {
				ALWAYS_SEARCH_USER_PATHS = NO;
				ASSETCATALOG_COMPILER_GENERATE_SWIFT_ASSET_SYMBOL_EXTENSIONS = YES;
				CLANG_ANALYZER_NONNULL = YES;
				CLANG_ANALYZER_NUMBER_OBJECT_CONVERSION = YES_AGGRESSIVE;
				CLANG_CXX_LANGUAGE_STANDARD = "gnu++20";
				CLANG_ENABLE_MODULES = YES;
				CLANG_ENABLE_OBJC_ARC = YES;
				CLANG_ENABLE_OBJC_WEAK = YES;
				CLANG_WARN_BLOCK_CAPTURE_AUTORELEASING = YES;
				CLANG_WARN_BOOL_CONVERSION = YES;
				CLANG_WARN_COMMA = YES;
				CLANG_WARN_CONSTANT_CONVERSION = YES;
				CLANG_WARN_DEPRECATED_OBJC_IMPLEMENTATIONS = YES;
				CLANG_WARN_DIRECT_OBJC_ISA_USAGE = YES_ERROR;
				CLANG_WARN_DOCUMENTATION_COMMENTS = YES;
				CLANG_WARN_EMPTY_BODY = YES;
				CLANG_WARN_ENUM_CONVERSION = YES;
				CLANG_WARN_INFINITE_RECURSION = YES;
				CLANG_WARN_INT_CONVERSION = YES;
				CLANG_WARN_NON_LITERAL_NULL_CONVERSION = YES;
				CLANG_WARN_OBJC_IMPLICIT_RETAIN_SELF = YES;
				CLANG_WARN_OBJC_LITERAL_CONVERSION = YES;
				CLANG_WARN_OBJC_ROOT_CLASS = YES_ERROR;
				CLANG_WARN_QUOTED_INCLUDE_IN_FRAMEWORK_HEADER = YES;
				CLANG_WARN_RANGE_LOOP_ANALYSIS = YES;
				CLANG_WARN_STRICT_PROTOTYPES = YES;
				CLANG_WARN_SUSPICIOUS_MOVE = YES;
				CLANG_WARN_UNGUARDED_AVAILABILITY = YES_AGGRESSIVE;
				CLANG_WARN_UNREACHABLE_CODE = YES;
				CLANG_WARN__DUPLICATE_METHOD_MATCH = YES;
				COPY_PHASE_STRIP = NO;
				DEBUG_INFORMATION_FORMAT = "dwarf-with-dsym";
				ENABLE_NS_ASSERTIONS = NO;
				ENABLE_STRICT_OBJC_MSGSEND = YES;
				ENABLE_USER_SCRIPT_SANDBOXING = YES;
				GCC_C_LANGUAGE_STANDARD = gnu17;
				GCC_NO_COMMON_BLOCKS = YES;
				GCC_WARN_64_TO_32_BIT_CONVERSION = YES;
				GCC_WARN_ABOUT_RETURN_TYPE = YES_ERROR;
				GCC_WARN_UNDECLARED_SELECTOR = YES;
				GCC_WARN_UNINITIALIZED_AUTOS = YES_AGGRESSIVE;
				GCC_WARN_UNUSED_FUNCTION = YES;
				GCC_WARN_UNUSED_VARIABLE = YES;
				IPHONEOS_DEPLOYMENT_TARGET = 17.5;
				LOCALIZATION_PREFERS_STRING_CATALOGS = YES;
				MTL_ENABLE_DEBUG_INFO = NO;
				MTL_FAST_MATH = YES;
				SDKROOT = iphoneos;
				SWIFT_COMPILATION_MODE = wholemodule;
				VALIDATE_PRODUCT = YES;
			};
			name = Release;
		};
		053F2FEA2C42ECD2007A9BF5 /* Debug */ = {
			isa = XCBuildConfiguration;
			buildSettings = {
				ASSETCATALOG_COMPILER_APPICON_NAME = AppIcon;
				ASSETCATALOG_COMPILER_GLOBAL_ACCENT_COLOR_NAME = AccentColor;
				ASSETCATALOG_COMPILER_INCLUDE_ALL_APPICON_ASSETS = YES;
				CODE_SIGN_IDENTITY = "Apple Development";
				CODE_SIGN_STYLE = Automatic;
				CURRENT_PROJECT_VERSION = 1;
				DEVELOPMENT_ASSET_PATHS = "\"Insight/Preview Content\"";
				DEVELOPMENT_TEAM = L7745265ZX;
				ENABLE_PREVIEWS = YES;
				GENERATE_INFOPLIST_FILE = YES;
				INFOPLIST_FILE = Insight/Info.plist;
				INFOPLIST_KEY_NSCameraUsageDescription = "Please allow Camera Access";
				INFOPLIST_KEY_NSPhotoLibraryAddUsageDescription = "Allow Access to Photo Library";
				INFOPLIST_KEY_UIApplicationSceneManifest_Generation = YES;
				INFOPLIST_KEY_UIApplicationSupportsIndirectInputEvents = YES;
				INFOPLIST_KEY_UILaunchScreen_Generation = YES;
				INFOPLIST_KEY_UIStatusBarStyle = UIStatusBarStyleDarkContent;
				INFOPLIST_KEY_UISupportedInterfaceOrientations = UIInterfaceOrientationPortrait;
				IPHONEOS_DEPLOYMENT_TARGET = 17.6;
				LD_RUNPATH_SEARCH_PATHS = (
					"$(inherited)",
					"@executable_path/Frameworks",
				);
				MARKETING_VERSION = 1.0;
				PRODUCT_BUNDLE_IDENTIFIER = .com.Insight.Innovations.Insight;
				PRODUCT_NAME = "$(TARGET_NAME)";
				PROVISIONING_PROFILE_SPECIFIER = "";
				SUPPORTED_PLATFORMS = "iphoneos iphonesimulator";
				SUPPORTS_MACCATALYST = NO;
				SUPPORTS_MAC_DESIGNED_FOR_IPHONE_IPAD = NO;
				SUPPORTS_XR_DESIGNED_FOR_IPHONE_IPAD = NO;
				SWIFT_EMIT_LOC_STRINGS = YES;
				SWIFT_VERSION = 5.0;
				TARGETED_DEVICE_FAMILY = "1,2";
			};
			name = Debug;
		};
		053F2FEB2C42ECD2007A9BF5 /* Release */ = {
			isa = XCBuildConfiguration;
			buildSettings = {
				ASSETCATALOG_COMPILER_APPICON_NAME = AppIcon;
				ASSETCATALOG_COMPILER_GLOBAL_ACCENT_COLOR_NAME = AccentColor;
				ASSETCATALOG_COMPILER_INCLUDE_ALL_APPICON_ASSETS = YES;
				CODE_SIGN_IDENTITY = "Apple Development";
				CODE_SIGN_STYLE = Automatic;
				CURRENT_PROJECT_VERSION = 1;
				DEVELOPMENT_ASSET_PATHS = "\"Insight/Preview Content\"";
				DEVELOPMENT_TEAM = L7745265ZX;
				ENABLE_PREVIEWS = YES;
				GENERATE_INFOPLIST_FILE = YES;
				INFOPLIST_FILE = Insight/Info.plist;
				INFOPLIST_KEY_NSCameraUsageDescription = "Please allow Camera Access";
				INFOPLIST_KEY_NSPhotoLibraryAddUsageDescription = "Allow Access to Photo Library";
				INFOPLIST_KEY_UIApplicationSceneManifest_Generation = YES;
				INFOPLIST_KEY_UIApplicationSupportsIndirectInputEvents = YES;
				INFOPLIST_KEY_UILaunchScreen_Generation = YES;
				INFOPLIST_KEY_UIStatusBarStyle = UIStatusBarStyleDarkContent;
				INFOPLIST_KEY_UISupportedInterfaceOrientations = UIInterfaceOrientationPortrait;
				IPHONEOS_DEPLOYMENT_TARGET = 17.6;
				LD_RUNPATH_SEARCH_PATHS = (
					"$(inherited)",
					"@executable_path/Frameworks",
				);
				MARKETING_VERSION = 1.0;
				PRODUCT_BUNDLE_IDENTIFIER = .com.Insight.Innovations.Insight;
				PRODUCT_NAME = "$(TARGET_NAME)";
				PROVISIONING_PROFILE_SPECIFIER = "";
				SUPPORTED_PLATFORMS = "iphoneos iphonesimulator";
				SUPPORTS_MACCATALYST = NO;
				SUPPORTS_MAC_DESIGNED_FOR_IPHONE_IPAD = NO;
				SUPPORTS_XR_DESIGNED_FOR_IPHONE_IPAD = NO;
				SWIFT_EMIT_LOC_STRINGS = YES;
				SWIFT_VERSION = 5.0;
				TARGETED_DEVICE_FAMILY = "1,2";
			};
			name = Release;
		};
/* End XCBuildConfiguration section */

/* Begin XCConfigurationList section */
		053F2FD62C42ECD1007A9BF5 /* Build configuration list for PBXProject "Insight" */ = {
			isa = XCConfigurationList;
			buildConfigurations = (
				053F2FE72C42ECD2007A9BF5 /* Debug */,
				053F2FE82C42ECD2007A9BF5 /* Release */,
			);
			defaultConfigurationIsVisible = 0;
			defaultConfigurationName = Release;
		};
		053F2FE92C42ECD2007A9BF5 /* Build configuration list for PBXNativeTarget "Insight" */ = {
			isa = XCConfigurationList;
			buildConfigurations = (
				053F2FEA2C42ECD2007A9BF5 /* Debug */,
				053F2FEB2C42ECD2007A9BF5 /* Release */,
			);
			defaultConfigurationIsVisible = 0;
			defaultConfigurationName = Release;
		};
/* End XCConfigurationList section */
	};
	rootObject = 053F2FD32C42ECD1007A9BF5 /* Project object */;
}
